PODS:
  - Flutter (1.0.0)
  - flutter_native_splash (2.4.3):
    - Flutter
  - flutter_secure_storage (6.0.0):
    - Flutter
  - integration_test (0.0.1):
    - Flutter
  - path_provider_foundation (0.0.1):
    - Flutter
    - FlutterMacOS
  - recaptcha_enterprise_flutter (18.8.1):
    - Flutter
    - RecaptchaEnterprise (= 18.8.1)
  - RecaptchaEnterprise (18.8.1):
    - RecaptchaEnterpriseSDK (= 18.8.1)
    - RecaptchaInterop (~> 101.0.0)
  - RecaptchaEnterpriseSDK (18.8.1)
  - RecaptchaInterop (101.0.0)
  - shared_preferences_foundation (0.0.1):
    - Flutter
    - FlutterMacOS
  - sqflite_darwin (0.0.4):
    - Flutter
    - FlutterMacOS
  - webview_flutter_wkwebview (0.0.1):
    - Flutter
    - FlutterMacOS

DEPENDENCIES:
  - Flutter (from `Flutter`)
  - flutter_native_splash (from `.symlinks/plugins/flutter_native_splash/ios`)
  - flutter_secure_storage (from `.symlinks/plugins/flutter_secure_storage/ios`)
  - integration_test (from `.symlinks/plugins/integration_test/ios`)
  - path_provider_foundation (from `.symlinks/plugins/path_provider_foundation/darwin`)
  - recaptcha_enterprise_flutter (from `.symlinks/plugins/recaptcha_enterprise_flutter/ios`)
  - shared_preferences_foundation (from `.symlinks/plugins/shared_preferences_foundation/darwin`)
  - sqflite_darwin (from `.symlinks/plugins/sqflite_darwin/darwin`)
  - webview_flutter_wkwebview (from `.symlinks/plugins/webview_flutter_wkwebview/darwin`)

SPEC REPOS:
  trunk:
    - RecaptchaEnterprise
    - RecaptchaEnterpriseSDK
    - RecaptchaInterop

EXTERNAL SOURCES:
  Flutter:
    :path: Flutter
  flutter_native_splash:
    :path: ".symlinks/plugins/flutter_native_splash/ios"
  flutter_secure_storage:
    :path: ".symlinks/plugins/flutter_secure_storage/ios"
  integration_test:
    :path: ".symlinks/plugins/integration_test/ios"
  path_provider_foundation:
    :path: ".symlinks/plugins/path_provider_foundation/darwin"
  recaptcha_enterprise_flutter:
    :path: ".symlinks/plugins/recaptcha_enterprise_flutter/ios"
  shared_preferences_foundation:
    :path: ".symlinks/plugins/shared_preferences_foundation/darwin"
  sqflite_darwin:
    :path: ".symlinks/plugins/sqflite_darwin/darwin"
  webview_flutter_wkwebview:
    :path: ".symlinks/plugins/webview_flutter_wkwebview/darwin"

SPEC CHECKSUMS:
  Flutter: cabc95a1d2626b1b06e7179b784ebcf0c0cde467
  flutter_native_splash: df59bb2e1421aa0282cb2e95618af4dcb0c56c29
  flutter_secure_storage: d33dac7ae2ea08509be337e775f6b59f1ff45f12
  integration_test: 252f60fa39af5e17c3aa9899d35d908a0721b573
  path_provider_foundation: 2b6b4c569c0fb62ec74538f866245ac84301af46
  recaptcha_enterprise_flutter: 2abc09596ed7f68bd9cd64444de7fed35e4212a3
  RecaptchaEnterprise: fb74d30bb67568bd5589fde74b1c12acb4cddaac
  RecaptchaEnterpriseSDK: 0e4af61aea7e19cfb4475d0c6011bc45b809b489
  RecaptchaInterop: 11e0b637842dfb48308d242afc3f448062325aba
  shared_preferences_foundation: fcdcbc04712aee1108ac7fda236f363274528f78
  sqflite_darwin: 5a7236e3b501866c1c9befc6771dfd73ffb8702d
  webview_flutter_wkwebview: 29eb20d43355b48fe7d07113835b9128f84e3af4

PODFILE CHECKSUM: 775b357dd9c0ff33ae81648adf90518a51b7a268

COCOAPODS: 1.16.2
